// !$*UTF8*$!
{
	archiveVersion = 1;
	classes = {
	};
	objectVersion = 50;
	objects = {

/* Begin PBXBuildFile section */
		181F0006284B6AC900E4055D /* ApodResource.swift in Sources */ = {isa = PBXBuildFile; fileRef = 181F0005284B6AC900E4055D /* ApodResource.swift */; };
		181F000D284B6AF900E4055D /* HttpUtility.swift in Sources */ = {isa = PBXBuildFile; fileRef = 181F000B284B6AF900E4055D /* HttpUtility.swift */; };
		181F000E284B6AF900E4055D /* ApodUrls.swift in Sources */ = {isa = PBXBuildFile; fileRef = 181F000C284B6AF900E4055D /* ApodUrls.swift */; };
		181F0014284B6B1200E4055D /* Constants.swift in Sources */ = {isa = PBXBuildFile; fileRef = 181F0013284B6B1200E4055D /* Constants.swift */; };
		181F001B284B6B9400E4055D /* ApodHomeViewModel.swift in Sources */ = {isa = PBXBuildFile; fileRef = 181FFFFF284B6A2900E4055D /* ApodHomeViewModel.swift */; };
		181F0020284B783000E4055D /* ApodConfig.xcconfig in Resources */ = {isa = PBXBuildFile; fileRef = 181F001F284B783000E4055D /* ApodConfig.xcconfig */; };
		181F0037284B7C5C00E4055D /* ImageDownloader.swift in Sources */ = {isa = PBXBuildFile; fileRef = 181F0036284B7C5C00E4055D /* ImageDownloader.swift */; };
		181F003C284B7EA000E4055D /* LazyImage.swift in Sources */ = {isa = PBXBuildFile; fileRef = 181F003B284B7EA000E4055D /* LazyImage.swift */; };
		181FFF9A284B54FB00E4055D /* APODViaNASAApp.swift in Sources */ = {isa = PBXBuildFile; fileRef = 181FFF99284B54FB00E4055D /* APODViaNASAApp.swift */; };
		181FFF9E284B54FC00E4055D /* Assets.xcassets in Resources */ = {isa = PBXBuildFile; fileRef = 181FFF9D284B54FC00E4055D /* Assets.xcassets */; };
		181FFFA1284B54FC00E4055D /* Preview Assets.xcassets in Resources */ = {isa = PBXBuildFile; fileRef = 181FFFA0284B54FC00E4055D /* Preview Assets.xcassets */; };
		181FFFB1284B54FD00E4055D /* APODViaNASATests.swift in Sources */ = {isa = PBXBuildFile; fileRef = 181FFFB0284B54FD00E4055D /* APODViaNASATests.swift */; };
		181FFFBC284B54FD00E4055D /* APODViaNASAUITests.swift in Sources */ = {isa = PBXBuildFile; fileRef = 181FFFBB284B54FD00E4055D /* APODViaNASAUITests.swift */; };
		181FFFD6284B566C00E4055D /* NASA APOD.swift in Sources */ = {isa = PBXBuildFile; fileRef = 181FFFD5284B566C00E4055D /* NASA APOD.swift */; };
		181FFFE0284B59A500E4055D /* ApodRow.swift in Sources */ = {isa = PBXBuildFile; fileRef = 181FFFDF284B59A500E4055D /* ApodRow.swift */; };
		181FFFE5284B5BD800E4055D /* APOD.json in Resources */ = {isa = PBXBuildFile; fileRef = 181FFFE4284B5BD800E4055D /* APOD.json */; };
		181FFFEB284B5C7C00E4055D /* BundleDecoder.swift in Sources */ = {isa = PBXBuildFile; fileRef = 181FFFEA284B5C7C00E4055D /* BundleDecoder.swift */; };
		181FFFF4284B5E8D00E4055D /* ApodResponse.swift in Sources */ = {isa = PBXBuildFile; fileRef = 181FFFF2284B5E8D00E4055D /* ApodResponse.swift */; };
		181FFFF5284B5E8D00E4055D /* ApodRequest.swift in Sources */ = {isa = PBXBuildFile; fileRef = 181FFFF3284B5E8D00E4055D /* ApodRequest.swift */; };
		181FFFFA284B665800E4055D /* APODDetailView.swift in Sources */ = {isa = PBXBuildFile; fileRef = 181FFFF9284B665800E4055D /* APODDetailView.swift */; };
		183BB13C284D0A17001F36EE /* ActivitiyIndicatorView.swift in Sources */ = {isa = PBXBuildFile; fileRef = 183BB13B284D0A17001F36EE /* ActivitiyIndicatorView.swift */; };
		183BB141284D1BAA001F36EE /* LoaderView.swift in Sources */ = {isa = PBXBuildFile; fileRef = 183BB140284D1BAA001F36EE /* LoaderView.swift */; };
/* End PBXBuildFile section */

/* Begin PBXContainerItemProxy section */
		181FFFAD284B54FD00E4055D /* PBXContainerItemProxy */ = {
			isa = PBXContainerItemProxy;
			containerPortal = 181FFF8E284B54FB00E4055D /* Project object */;
			proxyType = 1;
			remoteGlobalIDString = 181FFF95284B54FB00E4055D;
			remoteInfo = APODViaNASA;
		};
		181FFFB8284B54FD00E4055D /* PBXContainerItemProxy */ = {
			isa = PBXContainerItemProxy;
			containerPortal = 181FFF8E284B54FB00E4055D /* Project object */;
			proxyType = 1;
			remoteGlobalIDString = 181FFF95284B54FB00E4055D;
			remoteInfo = APODViaNASA;
		};
/* End PBXContainerItemProxy section */

/* Begin PBXFileReference section */
		181F0005284B6AC900E4055D /* ApodResource.swift */ = {isa = PBXFileReference; fileEncoding = 4; lastKnownFileType = sourcecode.swift; path = ApodResource.swift; sourceTree = "<group>"; };
		181F000B284B6AF900E4055D /* HttpUtility.swift */ = {isa = PBXFileReference; fileEncoding = 4; lastKnownFileType = sourcecode.swift; path = HttpUtility.swift; sourceTree = "<group>"; };
		181F000C284B6AF900E4055D /* ApodUrls.swift */ = {isa = PBXFileReference; fileEncoding = 4; lastKnownFileType = sourcecode.swift; path = ApodUrls.swift; sourceTree = "<group>"; };
		181F0013284B6B1200E4055D /* Constants.swift */ = {isa = PBXFileReference; fileEncoding = 4; lastKnownFileType = sourcecode.swift; path = Constants.swift; sourceTree = "<group>"; };
		181F001F284B783000E4055D /* ApodConfig.xcconfig */ = {isa = PBXFileReference; fileEncoding = 4; lastKnownFileType = text.xcconfig; path = ApodConfig.xcconfig; sourceTree = "<group>"; };
		181F0036284B7C5C00E4055D /* ImageDownloader.swift */ = {isa = PBXFileReference; lastKnownFileType = sourcecode.swift; path = ImageDownloader.swift; sourceTree = "<group>"; };
		181F003B284B7EA000E4055D /* LazyImage.swift */ = {isa = PBXFileReference; lastKnownFileType = sourcecode.swift; path = LazyImage.swift; sourceTree = "<group>"; };
		181FFF96284B54FB00E4055D /* APODViaNASA.app */ = {isa = PBXFileReference; explicitFileType = wrapper.application; includeInIndex = 0; path = APODViaNASA.app; sourceTree = BUILT_PRODUCTS_DIR; };
		181FFF99284B54FB00E4055D /* APODViaNASAApp.swift */ = {isa = PBXFileReference; lastKnownFileType = sourcecode.swift; path = APODViaNASAApp.swift; sourceTree = "<group>"; };
		181FFF9D284B54FC00E4055D /* Assets.xcassets */ = {isa = PBXFileReference; lastKnownFileType = folder.assetcatalog; path = Assets.xcassets; sourceTree = "<group>"; };
		181FFFA0284B54FC00E4055D /* Preview Assets.xcassets */ = {isa = PBXFileReference; lastKnownFileType = folder.assetcatalog; path = "Preview Assets.xcassets"; sourceTree = "<group>"; };
		181FFFA7284B54FC00E4055D /* Info.plist */ = {isa = PBXFileReference; lastKnownFileType = text.plist.xml; path = Info.plist; sourceTree = "<group>"; };
		181FFFAC284B54FD00E4055D /* APODViaNASATests.xctest */ = {isa = PBXFileReference; explicitFileType = wrapper.cfbundle; includeInIndex = 0; path = APODViaNASATests.xctest; sourceTree = BUILT_PRODUCTS_DIR; };
		181FFFB0284B54FD00E4055D /* APODViaNASATests.swift */ = {isa = PBXFileReference; lastKnownFileType = sourcecode.swift; path = APODViaNASATests.swift; sourceTree = "<group>"; };
		181FFFB2284B54FD00E4055D /* Info.plist */ = {isa = PBXFileReference; lastKnownFileType = text.plist.xml; path = Info.plist; sourceTree = "<group>"; };
		181FFFB7284B54FD00E4055D /* APODViaNASAUITests.xctest */ = {isa = PBXFileReference; explicitFileType = wrapper.cfbundle; includeInIndex = 0; path = APODViaNASAUITests.xctest; sourceTree = BUILT_PRODUCTS_DIR; };
		181FFFBB284B54FD00E4055D /* APODViaNASAUITests.swift */ = {isa = PBXFileReference; lastKnownFileType = sourcecode.swift; path = APODViaNASAUITests.swift; sourceTree = "<group>"; };
		181FFFBD284B54FD00E4055D /* Info.plist */ = {isa = PBXFileReference; lastKnownFileType = text.plist.xml; path = Info.plist; sourceTree = "<group>"; };
		181FFFD5284B566C00E4055D /* NASA APOD.swift */ = {isa = PBXFileReference; lastKnownFileType = sourcecode.swift; path = "NASA APOD.swift"; sourceTree = "<group>"; };
		181FFFDF284B59A500E4055D /* ApodRow.swift */ = {isa = PBXFileReference; lastKnownFileType = sourcecode.swift; path = ApodRow.swift; sourceTree = "<group>"; };
		181FFFE4284B5BD800E4055D /* APOD.json */ = {isa = PBXFileReference; fileEncoding = 4; lastKnownFileType = text.json; path = APOD.json; sourceTree = "<group>"; };
		181FFFEA284B5C7C00E4055D /* BundleDecoder.swift */ = {isa = PBXFileReference; lastKnownFileType = sourcecode.swift; path = BundleDecoder.swift; sourceTree = "<group>"; };
		181FFFF2284B5E8D00E4055D /* ApodResponse.swift */ = {isa = PBXFileReference; fileEncoding = 4; lastKnownFileType = sourcecode.swift; path = ApodResponse.swift; sourceTree = "<group>"; };
		181FFFF3284B5E8D00E4055D /* ApodRequest.swift */ = {isa = PBXFileReference; fileEncoding = 4; lastKnownFileType = sourcecode.swift; path = ApodRequest.swift; sourceTree = "<group>"; };
		181FFFF9284B665800E4055D /* APODDetailView.swift */ = {isa = PBXFileReference; lastKnownFileType = sourcecode.swift; path = APODDetailView.swift; sourceTree = "<group>"; };
		181FFFFF284B6A2900E4055D /* ApodHomeViewModel.swift */ = {isa = PBXFileReference; fileEncoding = 4; lastKnownFileType = sourcecode.swift; path = ApodHomeViewModel.swift; sourceTree = "<group>"; };
		183BB13B284D0A17001F36EE /* ActivitiyIndicatorView.swift */ = {isa = PBXFileReference; lastKnownFileType = sourcecode.swift; path = ActivitiyIndicatorView.swift; sourceTree = "<group>"; };
		183BB140284D1BAA001F36EE /* LoaderView.swift */ = {isa = PBXFileReference; lastKnownFileType = sourcecode.swift; path = LoaderView.swift; sourceTree = "<group>"; };
/* End PBXFileReference section */

/* Begin PBXFrameworksBuildPhase section */
		181FFF93284B54FB00E4055D /* Frameworks */ = {
			isa = PBXFrameworksBuildPhase;
			buildActionMask = 2147483647;
			files = (
			);
			runOnlyForDeploymentPostprocessing = 0;
		};
		181FFFA9284B54FD00E4055D /* Frameworks */ = {
			isa = PBXFrameworksBuildPhase;
			buildActionMask = 2147483647;
			files = (
			);
			runOnlyForDeploymentPostprocessing = 0;
		};
		181FFFB4284B54FD00E4055D /* Frameworks */ = {
			isa = PBXFrameworksBuildPhase;
			buildActionMask = 2147483647;
			files = (
			);
			runOnlyForDeploymentPostprocessing = 0;
		};
/* End PBXFrameworksBuildPhase section */

/* Begin PBXGroup section */
		181F0004284B6AB800E4055D /* Resource */ = {
			isa = PBXGroup;
			children = (
				181F0005284B6AC900E4055D /* ApodResource.swift */,
			);
			path = Resource;
			sourceTree = "<group>";
		};
		181F000A284B6AE500E4055D /* Services */ = {
			isa = PBXGroup;
			children = (
				181F000C284B6AF900E4055D /* ApodUrls.swift */,
				181F000B284B6AF900E4055D /* HttpUtility.swift */,
			);
			path = Services;
			sourceTree = "<group>";
		};
		181F0012284B6B0500E4055D /* Utilities */ = {
			isa = PBXGroup;
			children = (
				181F0013284B6B1200E4055D /* Constants.swift */,
				181F0036284B7C5C00E4055D /* ImageDownloader.swift */,
			);
			path = Utilities;
			sourceTree = "<group>";
		};
		181FFF8D284B54FB00E4055D = {
			isa = PBXGroup;
			children = (
				181F001F284B783000E4055D /* ApodConfig.xcconfig */,
				181FFF98284B54FB00E4055D /* APODViaNASA */,
				181FFFAF284B54FD00E4055D /* APODViaNASATests */,
				181FFFBA284B54FD00E4055D /* APODViaNASAUITests */,
				181FFF97284B54FB00E4055D /* Products */,
			);
			sourceTree = "<group>";
		};
		181FFF97284B54FB00E4055D /* Products */ = {
			isa = PBXGroup;
			children = (
				181FFF96284B54FB00E4055D /* APODViaNASA.app */,
				181FFFAC284B54FD00E4055D /* APODViaNASATests.xctest */,
				181FFFB7284B54FD00E4055D /* APODViaNASAUITests.xctest */,
			);
			name = Products;
			sourceTree = "<group>";
		};
		181FFF98284B54FB00E4055D /* APODViaNASA */ = {
			isa = PBXGroup;
			children = (
				181F0012284B6B0500E4055D /* Utilities */,
				181F000A284B6AE500E4055D /* Services */,
				181F0004284B6AB800E4055D /* Resource */,
				181FFFFE284B6A0300E4055D /* ViewModel */,
				181FFFE9284B5C3900E4055D /* Model */,
				181FFFE4284B5BD800E4055D /* APOD.json */,
				181FFFCC284B55F300E4055D /* View */,
				181FFF99284B54FB00E4055D /* APODViaNASAApp.swift */,
				181FFF9D284B54FC00E4055D /* Assets.xcassets */,
				181FFFA7284B54FC00E4055D /* Info.plist */,
				181FFF9F284B54FC00E4055D /* Preview Content */,
				181FFFEA284B5C7C00E4055D /* BundleDecoder.swift */,
			);
			path = APODViaNASA;
			sourceTree = "<group>";
		};
		181FFF9F284B54FC00E4055D /* Preview Content */ = {
			isa = PBXGroup;
			children = (
				181FFFA0284B54FC00E4055D /* Preview Assets.xcassets */,
			);
			path = "Preview Content";
			sourceTree = "<group>";
		};
		181FFFAF284B54FD00E4055D /* APODViaNASATests */ = {
			isa = PBXGroup;
			children = (
				181FFFB0284B54FD00E4055D /* APODViaNASATests.swift */,
				181FFFB2284B54FD00E4055D /* Info.plist */,
			);
			path = APODViaNASATests;
			sourceTree = "<group>";
		};
		181FFFBA284B54FD00E4055D /* APODViaNASAUITests */ = {
			isa = PBXGroup;
			children = (
				181FFFBB284B54FD00E4055D /* APODViaNASAUITests.swift */,
				181FFFBD284B54FD00E4055D /* Info.plist */,
			);
			path = APODViaNASAUITests;
			sourceTree = "<group>";
		};
		181FFFCC284B55F300E4055D /* View */ = {
			isa = PBXGroup;
			children = (
				181FFFD5284B566C00E4055D /* NASA APOD.swift */,
				181FFFDF284B59A500E4055D /* ApodRow.swift */,
				181FFFF9284B665800E4055D /* APODDetailView.swift */,
				181F003B284B7EA000E4055D /* LazyImage.swift */,
				183BB13B284D0A17001F36EE /* ActivitiyIndicatorView.swift */,
				183BB140284D1BAA001F36EE /* LoaderView.swift */,
			);
			path = View;
			sourceTree = "<group>";
		};
		181FFFE9284B5C3900E4055D /* Model */ = {
			isa = PBXGroup;
			children = (
				181FFFF3284B5E8D00E4055D /* ApodRequest.swift */,
				181FFFF2284B5E8D00E4055D /* ApodResponse.swift */,
			);
			path = Model;
			sourceTree = "<group>";
		};
		181FFFFE284B6A0300E4055D /* ViewModel */ = {
			isa = PBXGroup;
			children = (
				181FFFFF284B6A2900E4055D /* ApodHomeViewModel.swift */,
			);
			path = ViewModel;
			sourceTree = "<group>";
		};
/* End PBXGroup section */

/* Begin PBXNativeTarget section */
		181FFF95284B54FB00E4055D /* APODViaNASA */ = {
			isa = PBXNativeTarget;
			buildConfigurationList = 181FFFC0284B54FD00E4055D /* Build configuration list for PBXNativeTarget "APODViaNASA" */;
			buildPhases = (
				181FFF92284B54FB00E4055D /* Sources */,
				181FFF93284B54FB00E4055D /* Frameworks */,
				181FFF94284B54FB00E4055D /* Resources */,
			);
			buildRules = (
			);
			dependencies = (
			);
			name = APODViaNASA;
			productName = APODViaNASA;
			productReference = 181FFF96284B54FB00E4055D /* APODViaNASA.app */;
			productType = "com.apple.product-type.application";
		};
		181FFFAB284B54FD00E4055D /* APODViaNASATests */ = {
			isa = PBXNativeTarget;
			buildConfigurationList = 181FFFC3284B54FD00E4055D /* Build configuration list for PBXNativeTarget "APODViaNASATests" */;
			buildPhases = (
				181FFFA8284B54FD00E4055D /* Sources */,
				181FFFA9284B54FD00E4055D /* Frameworks */,
				181FFFAA284B54FD00E4055D /* Resources */,
			);
			buildRules = (
			);
			dependencies = (
				181FFFAE284B54FD00E4055D /* PBXTargetDependency */,
			);
			name = APODViaNASATests;
			productName = APODViaNASATests;
			productReference = 181FFFAC284B54FD00E4055D /* APODViaNASATests.xctest */;
			productType = "com.apple.product-type.bundle.unit-test";
		};
		181FFFB6284B54FD00E4055D /* APODViaNASAUITests */ = {
			isa = PBXNativeTarget;
			buildConfigurationList = 181FFFC6284B54FD00E4055D /* Build configuration list for PBXNativeTarget "APODViaNASAUITests" */;
			buildPhases = (
				181FFFB3284B54FD00E4055D /* Sources */,
				181FFFB4284B54FD00E4055D /* Frameworks */,
				181FFFB5284B54FD00E4055D /* Resources */,
			);
			buildRules = (
			);
			dependencies = (
				181FFFB9284B54FD00E4055D /* PBXTargetDependency */,
			);
			name = APODViaNASAUITests;
			productName = APODViaNASAUITests;
			productReference = 181FFFB7284B54FD00E4055D /* APODViaNASAUITests.xctest */;
			productType = "com.apple.product-type.bundle.ui-testing";
		};
/* End PBXNativeTarget section */

/* Begin PBXProject section */
		181FFF8E284B54FB00E4055D /* Project object */ = {
			isa = PBXProject;
			attributes = {
				LastSwiftUpdateCheck = 1240;
				LastUpgradeCheck = 1240;
				TargetAttributes = {
					181FFF95284B54FB00E4055D = {
						CreatedOnToolsVersion = 12.4;
					};
					181FFFAB284B54FD00E4055D = {
						CreatedOnToolsVersion = 12.4;
						TestTargetID = 181FFF95284B54FB00E4055D;
					};
					181FFFB6284B54FD00E4055D = {
						CreatedOnToolsVersion = 12.4;
						TestTargetID = 181FFF95284B54FB00E4055D;
					};
				};
			};
			buildConfigurationList = 181FFF91284B54FB00E4055D /* Build configuration list for PBXProject "APODViaNASA" */;
			compatibilityVersion = "Xcode 9.3";
			developmentRegion = en;
			hasScannedForEncodings = 0;
			knownRegions = (
				en,
				Base,
			);
			mainGroup = 181FFF8D284B54FB00E4055D;
			productRefGroup = 181FFF97284B54FB00E4055D /* Products */;
			projectDirPath = "";
			projectRoot = "";
			targets = (
				181FFF95284B54FB00E4055D /* APODViaNASA */,
				181FFFAB284B54FD00E4055D /* APODViaNASATests */,
				181FFFB6284B54FD00E4055D /* APODViaNASAUITests */,
			);
		};
/* End PBXProject section */

/* Begin PBXResourcesBuildPhase section */
		181FFF94284B54FB00E4055D /* Resources */ = {
			isa = PBXResourcesBuildPhase;
			buildActionMask = 2147483647;
			files = (
				181F0020284B783000E4055D /* ApodConfig.xcconfig in Resources */,
				181FFFA1284B54FC00E4055D /* Preview Assets.xcassets in Resources */,
				181FFFE5284B5BD800E4055D /* APOD.json in Resources */,
				181FFF9E284B54FC00E4055D /* Assets.xcassets in Resources */,
			);
			runOnlyForDeploymentPostprocessing = 0;
		};
		181FFFAA284B54FD00E4055D /* Resources */ = {
			isa = PBXResourcesBuildPhase;
			buildActionMask = 2147483647;
			files = (
			);
			runOnlyForDeploymentPostprocessing = 0;
		};
		181FFFB5284B54FD00E4055D /* Resources */ = {
			isa = PBXResourcesBuildPhase;
			buildActionMask = 2147483647;
			files = (
			);
			runOnlyForDeploymentPostprocessing = 0;
		};
/* End PBXResourcesBuildPhase section */

/* Begin PBXSourcesBuildPhase section */
		181FFF92284B54FB00E4055D /* Sources */ = {
			isa = PBXSourcesBuildPhase;
			buildActionMask = 2147483647;
			files = (
				181F000D284B6AF900E4055D /* HttpUtility.swift in Sources */,
				181F001B284B6B9400E4055D /* ApodHomeViewModel.swift in Sources */,
				181F0014284B6B1200E4055D /* Constants.swift in Sources */,
				181FFFFA284B665800E4055D /* APODDetailView.swift in Sources */,
				181F000E284B6AF900E4055D /* ApodUrls.swift in Sources */,
				181FFF9A284B54FB00E4055D /* APODViaNASAApp.swift in Sources */,
				181F0006284B6AC900E4055D /* ApodResource.swift in Sources */,
				181FFFF4284B5E8D00E4055D /* ApodResponse.swift in Sources */,
				181FFFE0284B59A500E4055D /* ApodRow.swift in Sources */,
				181FFFD6284B566C00E4055D /* NASA APOD.swift in Sources */,
				181FFFEB284B5C7C00E4055D /* BundleDecoder.swift in Sources */,
				181F0037284B7C5C00E4055D /* ImageDownloader.swift in Sources */,
				181F003C284B7EA000E4055D /* LazyImage.swift in Sources */,
				183BB141284D1BAA001F36EE /* LoaderView.swift in Sources */,
				183BB13C284D0A17001F36EE /* ActivitiyIndicatorView.swift in Sources */,
				181FFFF5284B5E8D00E4055D /* ApodRequest.swift in Sources */,
			);
			runOnlyForDeploymentPostprocessing = 0;
		};
		181FFFA8284B54FD00E4055D /* Sources */ = {
			isa = PBXSourcesBuildPhase;
			buildActionMask = 2147483647;
			files = (
				181FFFB1284B54FD00E4055D /* APODViaNASATests.swift in Sources */,
			);
			runOnlyForDeploymentPostprocessing = 0;
		};
		181FFFB3284B54FD00E4055D /* Sources */ = {
			isa = PBXSourcesBuildPhase;
			buildActionMask = 2147483647;
			files = (
				181FFFBC284B54FD00E4055D /* APODViaNASAUITests.swift in Sources */,
			);
			runOnlyForDeploymentPostprocessing = 0;
		};
/* End PBXSourcesBuildPhase section */

/* Begin PBXTargetDependency section */
		181FFFAE284B54FD00E4055D /* PBXTargetDependency */ = {
			isa = PBXTargetDependency;
			target = 181FFF95284B54FB00E4055D /* APODViaNASA */;
			targetProxy = 181FFFAD284B54FD00E4055D /* PBXContainerItemProxy */;
		};
		181FFFB9284B54FD00E4055D /* PBXTargetDependency */ = {
			isa = PBXTargetDependency;
			target = 181FFF95284B54FB00E4055D /* APODViaNASA */;
			targetProxy = 181FFFB8284B54FD00E4055D /* PBXContainerItemProxy */;
		};
/* End PBXTargetDependency section */

/* Begin XCBuildConfiguration section */
		181FFFBE284B54FD00E4055D /* Debug */ = {
			isa = XCBuildConfiguration;
			buildSettings = {
				ALWAYS_SEARCH_USER_PATHS = NO;
				CLANG_ANALYZER_NONNULL = YES;
				CLANG_ANALYZER_NUMBER_OBJECT_CONVERSION = YES_AGGRESSIVE;
				CLANG_CXX_LANGUAGE_STANDARD = "gnu++14";
				CLANG_CXX_LIBRARY = "libc++";
				CLANG_ENABLE_MODULES = YES;
				CLANG_ENABLE_OBJC_ARC = YES;
				CLANG_ENABLE_OBJC_WEAK = YES;
				CLANG_WARN_BLOCK_CAPTURE_AUTORELEASING = YES;
				CLANG_WARN_BOOL_CONVERSION = YES;
				CLANG_WARN_COMMA = YES;
				CLANG_WARN_CONSTANT_CONVERSION = YES;
				CLANG_WARN_DEPRECATED_OBJC_IMPLEMENTATIONS = YES;
				CLANG_WARN_DIRECT_OBJC_ISA_USAGE = YES_ERROR;
				CLANG_WARN_DOCUMENTATION_COMMENTS = YES;
				CLANG_WARN_EMPTY_BODY = YES;
				CLANG_WARN_ENUM_CONVERSION = YES;
				CLANG_WARN_INFINITE_RECURSION = YES;
				CLANG_WARN_INT_CONVERSION = YES;
				CLANG_WARN_NON_LITERAL_NULL_CONVERSION = YES;
				CLANG_WARN_OBJC_IMPLICIT_RETAIN_SELF = YES;
				CLANG_WARN_OBJC_LITERAL_CONVERSION = YES;
				CLANG_WARN_OBJC_ROOT_CLASS = YES_ERROR;
				CLANG_WARN_QUOTED_INCLUDE_IN_FRAMEWORK_HEADER = YES;
				CLANG_WARN_RANGE_LOOP_ANALYSIS = YES;
				CLANG_WARN_STRICT_PROTOTYPES = YES;
				CLANG_WARN_SUSPICIOUS_MOVE = YES;
				CLANG_WARN_UNGUARDED_AVAILABILITY = YES_AGGRESSIVE;
				CLANG_WARN_UNREACHABLE_CODE = YES;
				CLANG_WARN__DUPLICATE_METHOD_MATCH = YES;
				COPY_PHASE_STRIP = NO;
				DEBUG_INFORMATION_FORMAT = dwarf;
				ENABLE_STRICT_OBJC_MSGSEND = YES;
				ENABLE_TESTABILITY = YES;
				GCC_C_LANGUAGE_STANDARD = gnu11;
				GCC_DYNAMIC_NO_PIC = NO;
				GCC_NO_COMMON_BLOCKS = YES;
				GCC_OPTIMIZATION_LEVEL = 0;
				GCC_PREPROCESSOR_DEFINITIONS = (
					"DEBUG=1",
					"$(inherited)",
				);
				GCC_WARN_64_TO_32_BIT_CONVERSION = YES;
				GCC_WARN_ABOUT_RETURN_TYPE = YES_ERROR;
				GCC_WARN_UNDECLARED_SELECTOR = YES;
				GCC_WARN_UNINITIALIZED_AUTOS = YES_AGGRESSIVE;
				GCC_WARN_UNUSED_FUNCTION = YES;
				GCC_WARN_UNUSED_VARIABLE = YES;
				IPHONEOS_DEPLOYMENT_TARGET = 14.4;
				MTL_ENABLE_DEBUG_INFO = INCLUDE_SOURCE;
				MTL_FAST_MATH = YES;
				ONLY_ACTIVE_ARCH = YES;
				SDKROOT = iphoneos;
				SWIFT_ACTIVE_COMPILATION_CONDITIONS = DEBUG;
				SWIFT_OPTIMIZATION_LEVEL = "-Onone";
			};
			name = Debug;
		};
		181FFFBF284B54FD00E4055D /* Release */ = {
			isa = XCBuildConfiguration;
			baseConfigurationReference = 181F001F284B783000E4055D /* ApodConfig.xcconfig */;
			buildSettings = {
				ALWAYS_SEARCH_USER_PATHS = NO;
				CLANG_ANALYZER_NONNULL = YES;
				CLANG_ANALYZER_NUMBER_OBJECT_CONVERSION = YES_AGGRESSIVE;
				CLANG_CXX_LANGUAGE_STANDARD = "gnu++14";
				CLANG_CXX_LIBRARY = "libc++";
				CLANG_ENABLE_MODULES = YES;
				CLANG_ENABLE_OBJC_ARC = YES;
				CLANG_ENABLE_OBJC_WEAK = YES;
				CLANG_WARN_BLOCK_CAPTURE_AUTORELEASING = YES;
				CLANG_WARN_BOOL_CONVERSION = YES;
				CLANG_WARN_COMMA = YES;
				CLANG_WARN_CONSTANT_CONVERSION = YES;
				CLANG_WARN_DEPRECATED_OBJC_IMPLEMENTATIONS = YES;
				CLANG_WARN_DIRECT_OBJC_ISA_USAGE = YES_ERROR;
				CLANG_WARN_DOCUMENTATION_COMMENTS = YES;
				CLANG_WARN_EMPTY_BODY = YES;
				CLANG_WARN_ENUM_CONVERSION = YES;
				CLANG_WARN_INFINITE_RECURSION = YES;
				CLANG_WARN_INT_CONVERSION = YES;
				CLANG_WARN_NON_LITERAL_NULL_CONVERSION = YES;
				CLANG_WARN_OBJC_IMPLICIT_RETAIN_SELF = YES;
				CLANG_WARN_OBJC_LITERAL_CONVERSION = YES;
				CLANG_WARN_OBJC_ROOT_CLASS = YES_ERROR;
				CLANG_WARN_QUOTED_INCLUDE_IN_FRAMEWORK_HEADER = YES;
				CLANG_WARN_RANGE_LOOP_ANALYSIS = YES;
				CLANG_WARN_STRICT_PROTOTYPES = YES;
				CLANG_WARN_SUSPICIOUS_MOVE = YES;
				CLANG_WARN_UNGUARDED_AVAILABILITY = YES_AGGRESSIVE;
				CLANG_WARN_UNREACHABLE_CODE = YES;
				CLANG_WARN__DUPLICATE_METHOD_MATCH = YES;
				COPY_PHASE_STRIP = NO;
				DEBUG_INFORMATION_FORMAT = "dwarf-with-dsym";
				ENABLE_NS_ASSERTIONS = NO;
				ENABLE_STRICT_OBJC_MSGSEND = YES;
				GCC_C_LANGUAGE_STANDARD = gnu11;
				GCC_NO_COMMON_BLOCKS = YES;
				GCC_WARN_64_TO_32_BIT_CONVERSION = YES;
				GCC_WARN_ABOUT_RETURN_TYPE = YES_ERROR;
				GCC_WARN_UNDECLARED_SELECTOR = YES;
				GCC_WARN_UNINITIALIZED_AUTOS = YES_AGGRESSIVE;
				GCC_WARN_UNUSED_FUNCTION = YES;
				GCC_WARN_UNUSED_VARIABLE = YES;
				IPHONEOS_DEPLOYMENT_TARGET = 14.4;
				MTL_ENABLE_DEBUG_INFO = NO;
				MTL_FAST_MATH = YES;
				SDKROOT = iphoneos;
				SWIFT_COMPILATION_MODE = wholemodule;
				SWIFT_OPTIMIZATION_LEVEL = "-O";
				VALIDATE_PRODUCT = YES;
			};
			name = Release;
		};
		181FFFC1284B54FD00E4055D /* Debug */ = {
			isa = XCBuildConfiguration;
			baseConfigurationReference = 181F001F284B783000E4055D /* ApodConfig.xcconfig */;
			buildSettings = {
				ASSETCATALOG_COMPILER_APPICON_NAME = AppIcon;
				ASSETCATALOG_COMPILER_GLOBAL_ACCENT_COLOR_NAME = AccentColor;
				CODE_SIGN_STYLE = Automatic;
				DEVELOPMENT_ASSET_PATHS = "\"APODViaNASA/Preview Content\"";
				ENABLE_PREVIEWS = YES;
				INFOPLIST_FILE = APODViaNASA/Info.plist;
				IPHONEOS_DEPLOYMENT_TARGET = 14.0;
				LD_RUNPATH_SEARCH_PATHS = (
					"$(inherited)",
					"@executable_path/Frameworks",
				);
				PRODUCT_BUNDLE_IDENTIFIER = com.shabi.APODViaNASA;
				PRODUCT_NAME = "$(TARGET_NAME)";
				SWIFT_VERSION = 5.0;
				TARGETED_DEVICE_FAMILY = "1,2";
			};
			name = Debug;
		};
		181FFFC2284B54FD00E4055D /* Release */ = {
			isa = XCBuildConfiguration;
			baseConfigurationReference = 181F001F284B783000E4055D /* ApodConfig.xcconfig */;
			buildSettings = {
				ASSETCATALOG_COMPILER_APPICON_NAME = AppIcon;
				ASSETCATALOG_COMPILER_GLOBAL_ACCENT_COLOR_NAME = AccentColor;
				CODE_SIGN_STYLE = Automatic;
				DEVELOPMENT_ASSET_PATHS = "\"APODViaNASA/Preview Content\"";
				ENABLE_PREVIEWS = YES;
				INFOPLIST_FILE = APODViaNASA/Info.plist;
				IPHONEOS_DEPLOYMENT_TARGET = 14.0;
				LD_RUNPATH_SEARCH_PATHS = (
					"$(inherited)",
					"@executable_path/Frameworks",
				);
				PRODUCT_BUNDLE_IDENTIFIER = com.shabi.APODViaNASA;
				PRODUCT_NAME = "$(TARGET_NAME)";
				SWIFT_VERSION = 5.0;
				TARGETED_DEVICE_FAMILY = "1,2";
			};
			name = Release;
		};
		181FFFC4284B54FD00E4055D /* Debug */ = {
			isa = XCBuildConfiguration;
			buildSettings = {
				ALWAYS_EMBED_SWIFT_STANDARD_LIBRARIES = YES;
				BUNDLE_LOADER = "$(TEST_HOST)";
				CODE_SIGN_STYLE = Automatic;
				INFOPLIST_FILE = APODViaNASATests/Info.plist;
				IPHONEOS_DEPLOYMENT_TARGET = 14.0;
				LD_RUNPATH_SEARCH_PATHS = (
					"$(inherited)",
					"@executable_path/Frameworks",
					"@loader_path/Frameworks",
				);
				PRODUCT_BUNDLE_IDENTIFIER = com.shabi.APODViaNASATests;
				PRODUCT_NAME = "$(TARGET_NAME)";
				SWIFT_VERSION = 5.0;
				TARGETED_DEVICE_FAMILY = "1,2";
				TEST_HOST = "$(BUILT_PRODUCTS_DIR)/APODViaNASA.app/APODViaNASA";
			};
			name = Debug;
		};
		181FFFC5284B54FD00E4055D /* Release */ = {
			isa = XCBuildConfiguration;
			baseConfigurationReference = 181F001F284B783000E4055D /* ApodConfig.xcconfig */;
			buildSettings = {
				ALWAYS_EMBED_SWIFT_STANDARD_LIBRARIES = YES;
				BUNDLE_LOADER = "$(TEST_HOST)";
				CODE_SIGN_STYLE = Automatic;
				INFOPLIST_FILE = APODViaNASATests/Info.plist;
				IPHONEOS_DEPLOYMENT_TARGET = 14.0;
				LD_RUNPATH_SEARCH_PATHS = (
					"$(inherited)",
					"@executable_path/Frameworks",
					"@loader_path/Frameworks",
				);
				PRODUCT_BUNDLE_IDENTIFIER = com.shabi.APODViaNASATests;
				PRODUCT_NAME = "$(TARGET_NAME)";
				SWIFT_VERSION = 5.0;
				TARGETED_DEVICE_FAMILY = "1,2";
				TEST_HOST = "$(BUILT_PRODUCTS_DIR)/APODViaNASA.app/APODViaNASA";
			};
			name = Release;
		};
		181FFFC7284B54FD00E4055D /* Debug */ = {
			isa = XCBuildConfiguration;
			buildSettings = {
				ALWAYS_EMBED_SWIFT_STANDARD_LIBRARIES = YES;
				CODE_SIGN_STYLE = Automatic;
				INFOPLIST_FILE = APODViaNASAUITests/Info.plist;
				LD_RUNPATH_SEARCH_PATHS = (
					"$(inherited)",
					"@executable_path/Frameworks",
					"@loader_path/Frameworks",
				);
				PRODUCT_BUNDLE_IDENTIFIER = com.shabi.APODViaNASAUITests;
				PRODUCT_NAME = "$(TARGET_NAME)";
				SWIFT_VERSION = 5.0;
				TARGETED_DEVICE_FAMILY = "1,2";
				TEST_TARGET_NAME = APODViaNASA;
			};
			name = Debug;
		};
		181FFFC8284B54FD00E4055D /* Release */ = {
			isa = XCBuildConfiguration;
			baseConfigurationReference = 181F001F284B783000E4055D /* ApodConfig.xcconfig */;
			buildSettings = {
				ALWAYS_EMBED_SWIFT_STANDARD_LIBRARIES = YES;
				CODE_SIGN_STYLE = Automatic;
				INFOPLIST_FILE = APODViaNASAUITests/Info.plist;
				LD_RUNPATH_SEARCH_PATHS = (
					"$(inherited)",
					"@executable_path/Frameworks",
					"@loader_path/Frameworks",
				);
				PRODUCT_BUNDLE_IDENTIFIER = com.shabi.APODViaNASAUITests;
				PRODUCT_NAME = "$(TARGET_NAME)";
				SWIFT_VERSION = 5.0;
				TARGETED_DEVICE_FAMILY = "1,2";
				TEST_TARGET_NAME = APODViaNASA;
			};
			name = Release;
		};
/* End XCBuildConfiguration section */

/* Begin XCConfigurationList section */
		181FFF91284B54FB00E4055D /* Build configuration list for PBXProject "APODViaNASA" */ = {
			isa = XCConfigurationList;
			buildConfigurations = (
				181FFFBE284B54FD00E4055D /* Debug */,
				181FFFBF284B54FD00E4055D /* Release */,
			);
			defaultConfigurationIsVisible = 0;
			defaultConfigurationName = Release;
		};
		181FFFC0284B54FD00E4055D /* Build configuration list for PBXNativeTarget "APODViaNASA" */ = {
			isa = XCConfigurationList;
			buildConfigurations = (
				181FFFC1284B54FD00E4055D /* Debug */,
				181FFFC2284B54FD00E4055D /* Release */,
			);
			defaultConfigurationIsVisible = 0;
			defaultConfigurationName = Release;
		};
		181FFFC3284B54FD00E4055D /* Build configuration list for PBXNativeTarget "APODViaNASATests" */ = {
			isa = XCConfigurationList;
			buildConfigurations = (
				181FFFC4284B54FD00E4055D /* Debug */,
				181FFFC5284B54FD00E4055D /* Release */,
			);
			defaultConfigurationIsVisible = 0;
			defaultConfigurationName = Release;
		};
		181FFFC6284B54FD00E4055D /* Build configuration list for PBXNativeTarget "APODViaNASAUITests" */ = {
			isa = XCConfigurationList;
			buildConfigurations = (
				181FFFC7284B54FD00E4055D /* Debug */,
				181FFFC8284B54FD00E4055D /* Release */,
			);
			defaultConfigurationIsVisible = 0;
			defaultConfigurationName = Release;
		};
/* End XCConfigurationList section */
	};
	rootObject = 181FFF8E284B54FB00E4055D /* Project object */;
}
